Microsoft Visual Studio Solution File, Format Version 12.00
# Visual Studio Version 17
VisualStudioVersion = 17.5.2.0
MinimumVisualStudioVersion = 10.0.40219.1
Project("{FAE04EC0-301F-11D3-BF4B-00C04F79EFBC}") = "LambdaNu", "LambdaNu.csproj", "{94DCE444-DDD3-F072-E40F-DC2B5A4B4637}"
EndProject
Global
	GlobalSection(SolutionConfigurationPlatforms) = preSolution
		Debug|Any CPU = Debug|Any CPU
		Release|Any CPU = Release|Any CPU
	EndGlobalSection
	GlobalSection(ProjectConfigurationPlatforms) = postSolution
		{94DCE444-DDD3-F072-E40F-DC2B5A4B4637}.Debug|Any CPU.ActiveCfg = Debug|Any CPU
		{94DCE444-DDD3-F072-E40F-DC2B5A4B4637}.Debug|Any CPU.Build.0 = Debug|Any CPU
		{94DCE444-DDD3-F072-E40F-DC2B5A4B4637}.Release|Any CPU.ActiveCfg = Release|Any CPU
		{94DCE444-DDD3-F072-E40F-DC2B5A4B4637}.Release|Any CPU.Build.0 = Release|Any CPU
	EndGlobalSection
	GlobalSection(SolutionProperties) = preSolution
		HideSolutionNode = FALSE
	EndGlobalSection
	GlobalSection(ExtensibilityGlobals) = postSolution
		SolutionGuid = {1CE8EFC2-5FA7-4C68-BBDF-D73A5FF30892}
	EndGlobalSection
EndGlobal
